
Microsoft Visual Studio Solution File, Format Version 12.00
# Visual Studio Version 16
VisualStudioVersion = 16.0.30717.126
MinimumVisualStudioVersion = 10.0.40219.1
Project("{FAE04EC0-301F-11D3-BF4B-00C04F79EFBC}") = "WordSet", "WordSet\WordSet.csproj", "{3DD2B3DB-250D-4EA2-B292-F29A29D5581B}"
EndProject
Global
	GlobalSection(SolutionConfigurationPlatforms) = preSolution
		Debug|Any CPU = Debug|Any CPU
		Release|Any CPU = Release|Any CPU
	EndGlobalSection
	GlobalSection(ProjectConfigurationPlatforms) = postSolution
		{3DD2B3DB-250D-4EA2-B292-F29A29D5581B}.Debug|Any CPU.ActiveCfg = Debug|Any CPU
		{3DD2B3DB-250D-4EA2-B292-F29A29D5581B}.Debug|Any CPU.Build.0 = Debug|Any CPU
		{3DD2B3DB-250D-4EA2-B292-F29A29D5581B}.Release|Any CPU.ActiveCfg = Release|Any CPU
		{3DD2B3DB-250D-4EA2-B292-F29A29D5581B}.Release|Any CPU.Build.0 = Release|Any CPU
	EndGlobalSection
	GlobalSection(SolutionProperties) = preSolution
		HideSolutionNode = FALSE
	EndGlobalSection
	GlobalSection(ExtensibilityGlobals) = postSolution
		SolutionGuid = {79463B78-F8B6-4422-BD95-71330ECAB7D7}
	EndGlobalSection
EndGlobal
